<?xml version="1.0" encoding="utf-8"?>
<Project ToolsVersion="4.0" xmlns="http://schemas.microsoft.com/developer/msbuild/2003">
  <ItemGroup>
    <Filter Include="Source Files">
      <UniqueIdentifier>{4FC737F1-C7A5-4376-A066-2A32D752A2FF}</UniqueIdentifier>
      <Extensions>cpp;c;cc;cxx;c++;cppm;ixx;def;odl;idl;hpj;bat;asm;asmx</Extensions>
    </Filter>
    <Filter Include="Header Files">
      <UniqueIdentifier>{93995380-89BD-4b04-88EB-625FBE52EBFB}</UniqueIdentifier>
      <Extensions>h;hh;hpp;hxx;h++;hm;inl;inc;ipp;xsd</Extensions>
    </Filter>
    <Filter Include="Resource Files">
      <UniqueIdentifier>{67DA6AB6-F800-4c08-8B7A-83BB121AAD01}</UniqueIdentifier>
      <Extensions>rc;ico;cur;bmp;dlg;rc2;rct;bin;rgs;gif;jpg;jpeg;jpe;resx;tiff;tif;png;wav;mfcribbon-ms</Extensions>
    </Filter>
    <Filter Include="Source Files\utils">
      <UniqueIdentifier>{4688f56b-735b-4051-ab55-e85d65fb1e94}</UniqueIdentifier>
    </Filter>
    <Filter Include="Source Files\packets">
      <UniqueIdentifier>{b694fd43-dee0-4eda-a190-de6cfe9e3854}</UniqueIdentifier>
    </Filter>
    <Filter Include="Header Files\utils">
      <UniqueIdentifier>{e4775481-ef88-4cec-a9c8-dd8a5a9537e7}</UniqueIdentifier>
    </Filter>
    <Filter Include="Header Files\packets">
      <UniqueIdentifier>{4f064416-188d-45ba-82c8-459461d7a033}</UniqueIdentifier>
    </Filter>
    <Filter Include="Header Files\shaiya">
      <UniqueIdentifier>{c030867e-5df4-478f-a3d7-5419717677e1}</UniqueIdentifier>
    </Filter>
    <Filter Include="Source Files\shaiya">
      <UniqueIdentifier>{8e48e7f9-5c09-4be2-953d-4b7c799e9b2b}</UniqueIdentifier>
    </Filter>
  </ItemGroup>
  <ItemGroup>
    <ClCompile Include="src\main.cpp">
      <Filter>Source Files</Filter>
    </ClCompile>
    <ClCompile Include="src\Utils\memory.cpp">
      <Filter>Source Files\utils</Filter>
    </ClCompile>
    <ClCompile Include="src\Packets\character_list.cpp">
      <Filter>Source Files\packets</Filter>
    </ClCompile>
    <ClCompile Include="src\shaiya\CUser.cpp">
      <Filter>Source Files\shaiya</Filter>
    </ClCompile>
    <ClCompile Include="src\utils\buffer_reader.cpp">
      <Filter>Source Files\utils</Filter>
    </ClCompile>
  </ItemGroup>
  <ItemGroup>
    <ClInclude Include="include\Utils\memory.h">
      <Filter>Header Files\utils</Filter>
    </ClInclude>
    <ClInclude Include="include\Packets\character_list.h">
      <Filter>Header Files\packets</Filter>
    </ClInclude>
    <ClInclude Include="include\shaiya\CFriend.h">
      <Filter>Header Files\shaiya</Filter>
    </ClInclude>
    <ClInclude Include="include\shaiya\CItem.h">
      <Filter>Header Files\shaiya</Filter>
    </ClInclude>
    <ClInclude Include="include\shaiya\CMiniGame.h">
      <Filter>Header Files\shaiya</Filter>
    </ClInclude>
    <ClInclude Include="include\shaiya\CQuest.h">
      <Filter>Header Files\shaiya</Filter>
    </ClInclude>
    <ClInclude Include="include\shaiya\CSkill.h">
      <Filter>Header Files\shaiya</Filter>
    </ClInclude>
    <ClInclude Include="include\shaiya\CUser.h">
      <Filter>Header Files\shaiya</Filter>
    </ClInclude>
    <ClInclude Include="include\shaiya\SConnection.h">
      <Filter>Header Files\shaiya</Filter>
    </ClInclude>
    <ClInclude Include="include\shaiya\SkillInfo.h">
      <Filter>Header Files\shaiya</Filter>
    </ClInclude>
    <ClInclude Include="include\shaiya\SNode.h">
      <Filter>Header Files\shaiya</Filter>
    </ClInclude>
    <ClInclude Include="include\shaiya\SSyncList.h">
      <Filter>Header Files\shaiya</Filter>
    </ClInclude>
    <ClInclude Include="include\shaiya\SVector.h">
      <Filter>Header Files\shaiya</Filter>
    </ClInclude>
    <ClInclude Include="include\packets\packet.h">
      <Filter>Header Files\packets</Filter>
    </ClInclude>
    <ClInclude Include="include\utils\buffer_reader.h">
      <Filter>Header Files\utils</Filter>
    </ClInclude>
    <ClInclude Include="include\utils\win32_lean.h">
      <Filter>Header Files\utils</Filter>
    </ClInclude>
  </ItemGroup>
</Project>